# THIS IS AN AUTOGENERATED FILE. DO NOT EDIT THIS FILE DIRECTLY.
# yarn lockfile v1


commander@^3.0.0:
  version "3.0.0"
  resolved "https://registry.yarnpkg.com/commander/-/commander-3.0.0.tgz#0641ea00838c7a964627f04cddc336a2deddd60a"
  integrity sha512-pl3QrGOBa9RZaslQiqnnKX2J068wcQw7j9AIaBQ9/JEp5RY6je4jKTImg0Bd+rpoONSe7GUFSgkxLeo17m3Pow==

ejs@^2.6.1:
  version "2.6.2"
  resolved "https://registry.yarnpkg.com/ejs/-/ejs-2.6.2.tgz#3a32c63d1cd16d11266cd4703b14fec4e74ab4f6"
  integrity sha512-PcW2a0tyTuPHz3tWyYqtK6r1fZ3gp+3Sop8Ph+ZYN81Ob5rwmbHEzaqs10N3BEsaGTkh/ooniXK+WwszGlc2+Q==

semver@^6.2.0:
  version "6.3.0"
  resolved "https://registry.yarnpkg.com/semver/-/semver-6.3.0.tgz#ee0a64c8af5e8ceea67687b133761e1becbd1d3d"
  integrity sha512-b39TBaTSfV6yBrapU89p5fKekE2m/NwnDocOVruQFS1/veMgdzuPcnOM34M6CwxW8jH/lxEa5rBoDeUwu5HHTw==
